{
  "name": "alexa-skill-tester",
  "version": "0.1.0",
  "lockfileVersion": 2,
  "requires": true,
  "packages": {
    "": {
      "version": "0.1.0",
      "license": "MIT",
      "dependencies": {
        "ask-sdk-model": "^1.35.1",
        "ask-smapi-model": "^1.15.2"
      }
    },
    "node_modules/ask-sdk-model": {
      "version": "1.35.1",
      "resolved": "https://registry.npmjs.org/ask-sdk-model/-/ask-sdk-model-1.35.1.tgz",
      "integrity": "sha512-xYWkjGVOetvApO5qoCkxxEbRdzld/toSE32xYW48jIDYmOsL0bCGXkf4oheZ3jEhg6jrSdBtHYN0Xe9cyVXIOg=="
    },
    "node_modules/ask-sdk-model-runtime": {
      "version": "1.4.0",
      "resolved": "https://registry.npmjs.org/ask-sdk-model-runtime/-/ask-sdk-model-runtime-1.4.0.tgz",
      "integrity": "sha512-JSu9zGklm8jtaQMk344BTJqVSX/tenFNB7b+jgnoHDp4aRwmzCAlDnBiiNAVMXlbrBeIi+ms79yK1s2oq0PjFg=="
    },
    "node_modules/ask-smapi-model": {
      "version": "1.15.2",
      "resolved": "https://registry.npmjs.org/ask-smapi-model/-/ask-smapi-model-1.15.2.tgz",
      "integrity": "sha512-q+i5Hphs8BjWtt4TNue+eFxlvzP1jSlXWj5vahYfa8ue0EJKo73RQl19BtgPTDhRp9e1Biwmh1NI6OO208mzng==",
      "dependencies": {
        "ask-sdk-model-runtime": "^1.1.0"
      }
    }
  },
  "dependencies": {
    "ask-sdk-model": {
      "version": "1.35.1",
      "resolved": "https://registry.npmjs.org/ask-sdk-model/-/ask-sdk-model-1.35.1.tgz",
      "integrity": "sha512-xYWkjGVOetvApO5qoCkxxEbRdzld/toSE32xYW48jIDYmOsL0bCGXkf4oheZ3jEhg6jrSdBtHYN0Xe9cyVXIOg=="
    },
    "ask-sdk-model-runtime": {
      "version": "1.4.0",
      "resolved": "https://registry.npmjs.org/ask-sdk-model-runtime/-/ask-sdk-model-runtime-1.4.0.tgz",
      "integrity": "sha512-JSu9zGklm8jtaQMk344BTJqVSX/tenFNB7b+jgnoHDp4aRwmzCAlDnBiiNAVMXlbrBeIi+ms79yK1s2oq0PjFg=="
    },
    "ask-smapi-model": {
      "version": "1.15.2",
      "resolved": "https://registry.npmjs.org/ask-smapi-model/-/ask-smapi-model-1.15.2.tgz",
      "integrity": "sha512-q+i5Hphs8BjWtt4TNue+eFxlvzP1jSlXWj5vahYfa8ue0EJKo73RQl19BtgPTDhRp9e1Biwmh1NI6OO208mzng==",
      "requires": {
        "ask-sdk-model-runtime": "^1.1.0"
      }
    }
  }
}
